
Microsoft Visual Studio Solution File, Format Version 12.00
# Visual Studio Version 16
VisualStudioVersion = 16.0.32126.315
MinimumVisualStudioVersion = 10.0.40219.1
Project("{FAE04EC0-301F-11D3-BF4B-00C04F79EFBC}") = "Bai21", "Bai21\Bai21.csproj", "{A667FA1B-D6AB-422D-A9B2-B251D25FDAA8}"
EndProject
Global
	GlobalSection(SolutionConfigurationPlatforms) = preSolution
		Debug|Any CPU = Debug|Any CPU
		Release|Any CPU = Release|Any CPU
	EndGlobalSection
	GlobalSection(ProjectConfigurationPlatforms) = postSolution
		{A667FA1B-D6AB-422D-A9B2-B251D25FDAA8}.Debug|Any CPU.ActiveCfg = Debug|Any CPU
		{A667FA1B-D6AB-422D-A9B2-B251D25FDAA8}.Debug|Any CPU.Build.0 = Debug|Any CPU
		{A667FA1B-D6AB-422D-A9B2-B251D25FDAA8}.Release|Any CPU.ActiveCfg = Release|Any CPU
		{A667FA1B-D6AB-422D-A9B2-B251D25FDAA8}.Release|Any CPU.Build.0 = Release|Any CPU
	EndGlobalSection
	GlobalSection(SolutionProperties) = preSolution
		HideSolutionNode = FALSE
	EndGlobalSection
	GlobalSection(ExtensibilityGlobals) = postSolution
		SolutionGuid = {E6463333-CF1C-428D-B200-7C309013DEC9}
	EndGlobalSection
EndGlobal
